
Microsoft Visual Studio Solution File, Format Version 12.00
# Visual Studio Version 16
VisualStudioVersion = 16.0.31727.386
MinimumVisualStudioVersion = 10.0.40219.1
Project("{888888A0-9F3D-457C-B088-3A5042F75D52}") = "dz", "dz\dz.pyproj", "{62264717-796B-4A8B-9CB1-D0CE7FC47092}"
EndProject
Global
	GlobalSection(SolutionConfigurationPlatforms) = preSolution
		Debug|Any CPU = Debug|Any CPU
		Release|Any CPU = Release|Any CPU
	EndGlobalSection
	GlobalSection(ProjectConfigurationPlatforms) = postSolution
		{62264717-796B-4A8B-9CB1-D0CE7FC47092}.Debug|Any CPU.ActiveCfg = Debug|Any CPU
		{62264717-796B-4A8B-9CB1-D0CE7FC47092}.Release|Any CPU.ActiveCfg = Release|Any CPU
	EndGlobalSection
	GlobalSection(SolutionProperties) = preSolution
		HideSolutionNode = FALSE
	EndGlobalSection
	GlobalSection(ExtensibilityGlobals) = postSolution
		SolutionGuid = {63D40D1B-99DE-4E9A-9180-C8A767489986}
	EndGlobalSection
EndGlobal
